
Microsoft Visual Studio Solution File, Format Version 12.00
# Visual Studio Version 17
VisualStudioVersion = 17.3.32901.215
MinimumVisualStudioVersion = 10.0.40219.1
Project("{FAE04EC0-301F-11D3-BF4B-00C04F79EFBC}") = "Module 14.3 LINQ Final Task 3", "Module 14.3 LINQ Final Task 3\Module 14.3 LINQ Final Task 3.csproj", "{D21C306C-822E-46EB-82DB-2CB61969ED56}"
EndProject
Global
	GlobalSection(SolutionConfigurationPlatforms) = preSolution
		Debug|Any CPU = Debug|Any CPU
		Release|Any CPU = Release|Any CPU
	EndGlobalSection
	GlobalSection(ProjectConfigurationPlatforms) = postSolution
		{D21C306C-822E-46EB-82DB-2CB61969ED56}.Debug|Any CPU.ActiveCfg = Debug|Any CPU
		{D21C306C-822E-46EB-82DB-2CB61969ED56}.Debug|Any CPU.Build.0 = Debug|Any CPU
		{D21C306C-822E-46EB-82DB-2CB61969ED56}.Release|Any CPU.ActiveCfg = Release|Any CPU
		{D21C306C-822E-46EB-82DB-2CB61969ED56}.Release|Any CPU.Build.0 = Release|Any CPU
	EndGlobalSection
	GlobalSection(SolutionProperties) = preSolution
		HideSolutionNode = FALSE
	EndGlobalSection
	GlobalSection(ExtensibilityGlobals) = postSolution
		SolutionGuid = {ED775326-594E-4767-B25B-DDB550A5C61C}
	EndGlobalSection
EndGlobal
